<?xml version="1.0" encoding="UTF-8" standalone="yes" ?>
<CodeBlocks_project_file>
	<FileVersion major="1" minor="6" />
	<Project>
		<Option title="personnal_work_c++" />
		<Option pch_mode="2" />
		<Option compiler="gcc" />
		<Build>
			<Target title="Debug">
				<Option output="bin/Debug/personnal_work_c++" prefix_auto="1" extension_auto="1" />
				<Option object_output="obj/Debug/" />
				<Option type="1" />
				<Option compiler="gcc" />
				<Compiler>
					<Add option="-g" />
				</Compiler>
			</Target>
			<Target title="Release">
				<Option output="bin/Release/personnal_work_c++" prefix_auto="1" extension_auto="1" />
				<Option object_output="obj/Release/" />
				<Option type="1" />
				<Option compiler="gcc" />
				<Compiler>
					<Add option="-O2" />
				</Compiler>
				<Linker>
					<Add option="-s" />
				</Linker>
			</Target>
		</Build>
		<Compiler>
			<Add option="-Wall" />
			<Add option="-fexceptions" />
		</Compiler>
		<Unit filename="advanced_calc.cpp">
			<Option compile="0" />
			<Option link="0" />
		</Unit>
		<Unit filename="arrays.cpp">
			<Option compile="0" />
			<Option link="0" />
		</Unit>
		<Unit filename="assignment.cpp" />
		<Unit filename="calculator.cpp">
			<Option compile="0" />
			<Option link="0" />
		</Unit>
		<Unit filename="classes&amp;objects.cpp">
			<Option compile="0" />
			<Option link="0" />
		</Unit>
		<Unit filename="constructor-functions.cpp">
			<Option compile="0" />
			<Option link="0" />
		</Unit>
		<Unit filename="data_types.cpp">
			<Option compile="0" />
			<Option link="0" />
		</Unit>
		<Unit filename="functons.cpp">
			<Option compile="0" />
			<Option link="0" />
		</Unit>
		<Unit filename="getters&amp;setters.cpp">
			<Option compile="0" />
			<Option link="0" />
		</Unit>
		<Unit filename="if_statements.cpp">
			<Option compile="0" />
			<Option link="0" />
		</Unit>
		<Unit filename="inheritance.cpp">
			<Option compile="0" />
			<Option link="0" />
		</Unit>
		<Unit filename="loops.cpp">
			<Option compile="0" />
			<Option link="0" />
		</Unit>
		<Unit filename="mad_libs.cpp">
			<Option compile="0" />
			<Option link="0" />
		</Unit>
		<Unit filename="main.cpp">
			<Option compile="0" />
			<Option link="0" />
		</Unit>
		<Unit filename="number_manipulation.cpp">
			<Option compile="0" />
			<Option link="0" />
		</Unit>
		<Unit filename="object-functions.cpp">
			<Option compile="0" />
			<Option link="0" />
		</Unit>
		<Unit filename="pointers.cpp">
			<Option compile="0" />
			<Option link="0" />
		</Unit>
		<Unit filename="string_manipulation.cpp">
			<Option compile="0" />
			<Option link="0" />
		</Unit>
		<Unit filename="switch_case.cpp">
			<Option compile="0" />
			<Option link="0" />
		</Unit>
		<Unit filename="user_input.cpp">
			<Option compile="0" />
			<Option link="0" />
		</Unit>
		<Unit filename="variables.cpp">
			<Option compile="0" />
			<Option link="0" />
		</Unit>
		<Extensions>
			<lib_finder disable_auto="1" />
		</Extensions>
	</Project>
</CodeBlocks_project_file>
